
Microsoft Visual Studio Solution File, Format Version 12.00
# Visual Studio Version 17
VisualStudioVersion = 17.1.32328.378
MinimumVisualStudioVersion = 10.0.40219.1
Project("{FAE04EC0-301F-11D3-BF4B-00C04F79EFBC}") = "Test de Fausto 1", "Test de Fausto 1.csproj", "{DBBCB452-93D8-48C1-BC04-C0B6F3E88338}"
EndProject
Global
	GlobalSection(SolutionConfigurationPlatforms) = preSolution
		Debug|Any CPU = Debug|Any CPU
		Release|Any CPU = Release|Any CPU
	EndGlobalSection
	GlobalSection(ProjectConfigurationPlatforms) = postSolution
		{DBBCB452-93D8-48C1-BC04-C0B6F3E88338}.Debug|Any CPU.ActiveCfg = Debug|Any CPU
		{DBBCB452-93D8-48C1-BC04-C0B6F3E88338}.Debug|Any CPU.Build.0 = Debug|Any CPU
		{DBBCB452-93D8-48C1-BC04-C0B6F3E88338}.Release|Any CPU.ActiveCfg = Release|Any CPU
		{DBBCB452-93D8-48C1-BC04-C0B6F3E88338}.Release|Any CPU.Build.0 = Release|Any CPU
	EndGlobalSection
	GlobalSection(SolutionProperties) = preSolution
		HideSolutionNode = FALSE
	EndGlobalSection
	GlobalSection(ExtensibilityGlobals) = postSolution
		SolutionGuid = {57CCE52F-1D8E-4D93-959D-1C5E603EECE7}
	EndGlobalSection
EndGlobal
